
Microsoft Visual Studio Solution File, Format Version 12.00
# Visual Studio Version 16
VisualStudioVersion = 16.0.29102.190
MinimumVisualStudioVersion = 10.0.40219.1
Project("{FAE04EC0-301F-11D3-BF4B-00C04F79EFBC}") = "NetExtensions", "NetExtensions\NetExtensions.csproj", "{D36D0549-0624-4B4E-AAD0-F4F35D3EFB87}"
EndProject
Project("{FAE04EC0-301F-11D3-BF4B-00C04F79EFBC}") = "NetExtensions.Tests", "NetExtensions.Tests\NetExtensions.Tests.csproj", "{4FC16C86-E01D-4F17-A924-7A38A9F7B6EB}"
EndProject
Global
	GlobalSection(SolutionConfigurationPlatforms) = preSolution
		Debug|Any CPU = Debug|Any CPU
		Release|Any CPU = Release|Any CPU
	EndGlobalSection
	GlobalSection(ProjectConfigurationPlatforms) = postSolution
		{D36D0549-0624-4B4E-AAD0-F4F35D3EFB87}.Debug|Any CPU.ActiveCfg = Debug|Any CPU
		{D36D0549-0624-4B4E-AAD0-F4F35D3EFB87}.Debug|Any CPU.Build.0 = Debug|Any CPU
		{D36D0549-0624-4B4E-AAD0-F4F35D3EFB87}.Release|Any CPU.ActiveCfg = Release|Any CPU
		{D36D0549-0624-4B4E-AAD0-F4F35D3EFB87}.Release|Any CPU.Build.0 = Release|Any CPU
		{4FC16C86-E01D-4F17-A924-7A38A9F7B6EB}.Debug|Any CPU.ActiveCfg = Debug|Any CPU
		{4FC16C86-E01D-4F17-A924-7A38A9F7B6EB}.Debug|Any CPU.Build.0 = Debug|Any CPU
		{4FC16C86-E01D-4F17-A924-7A38A9F7B6EB}.Release|Any CPU.ActiveCfg = Release|Any CPU
		{4FC16C86-E01D-4F17-A924-7A38A9F7B6EB}.Release|Any CPU.Build.0 = Release|Any CPU
	EndGlobalSection
	GlobalSection(SolutionProperties) = preSolution
		HideSolutionNode = FALSE
	EndGlobalSection
	GlobalSection(ExtensibilityGlobals) = postSolution
		SolutionGuid = {A10813AD-23A8-452B-AA62-8CCB40B98831}
	EndGlobalSection
EndGlobal
